<?xml version="1.0" encoding="utf-8"?>
<Project ToolsVersion="4.0" xmlns="http://schemas.microsoft.com/developer/msbuild/2003">
  <ItemGroup>
    <Filter Include="src">
      <UniqueIdentifier>{9702fd39-9fa2-44bc-a385-c9110a42795f}</UniqueIdentifier>
    </Filter>
    <Filter Include="src\maths">
      <UniqueIdentifier>{684cc7ba-1864-408d-a8c8-ef9b27c81c82}</UniqueIdentifier>
    </Filter>
    <Filter Include="src\util">
      <UniqueIdentifier>{82ff6109-621b-4465-a1cd-5f0dec647f92}</UniqueIdentifier>
    </Filter>
  </ItemGroup>
  <ItemGroup>
    <ClCompile Include="..\src\main.cpp">
      <Filter>src</Filter>
    </ClCompile>
  </ItemGroup>
  <ItemGroup>
    <ClInclude Include="..\src\maths\Dual.h">
      <Filter>src\maths</Filter>
    </ClInclude>
    <ClInclude Include="..\src\maths\real.h">
      <Filter>src\maths</Filter>
    </ClInclude>
    <ClInclude Include="..\src\maths\vec.h">
      <Filter>src\maths</Filter>
    </ClInclude>
    <ClInclude Include="..\src\maths\Complex.h">
      <Filter>src\maths</Filter>
    </ClInclude>
    <ClInclude Include="..\src\maths\Moebius.h">
      <Filter>src\maths</Filter>
    </ClInclude>
    <ClInclude Include="..\src\util\pcg32.h">
      <Filter>src\util</Filter>
    </ClInclude>
    <ClInclude Include="..\src\util\stb_image_write.h">
      <Filter>src\util</Filter>
    </ClInclude>
  </ItemGroup>
</Project>